<?xml version="1.0" encoding="utf-8"?>
<Project ToolsVersion="4.0" xmlns="http://schemas.microsoft.com/developer/msbuild/2003">
  <ItemGroup>
    <Filter Include="源文件">
      <UniqueIdentifier>{4FC737F1-C7A5-4376-A066-2A32D752A2FF}</UniqueIdentifier>
      <Extensions>cpp;c;cc;cxx;def;odl;idl;hpj;bat;asm;asmx</Extensions>
    </Filter>
    <Filter Include="头文件">
      <UniqueIdentifier>{93995380-89BD-4b04-88EB-625FBE52EBFB}</UniqueIdentifier>
      <Extensions>h;hpp;hxx;hm;inl;inc;xsd</Extensions>
    </Filter>
    <Filter Include="资源文件">
      <UniqueIdentifier>{67DA6AB6-F800-4c08-8B7A-83BB121AAD01}</UniqueIdentifier>
      <Extensions>rc;ico;cur;bmp;dlg;rc2;rct;bin;rgs;gif;jpg;jpeg;jpe;resx;tiff;tif;png;wav;mfcribbon-ms</Extensions>
    </Filter>
  </ItemGroup>
  <ItemGroup>
    <Text Include="ReadMe.txt" />
    <Text Include="1.txt">
      <Filter>资源文件</Filter>
    </Text>
    <Text Include="2.txt">
      <Filter>资源文件</Filter>
    </Text>
    <Text Include="3.txt">
      <Filter>资源文件</Filter>
    </Text>
    <Text Include="4.txt">
      <Filter>资源文件</Filter>
    </Text>
    <Text Include="5.txt">
      <Filter>资源文件</Filter>
    </Text>
    <Text Include="6.txt">
      <Filter>资源文件</Filter>
    </Text>
    <Text Include="7.txt">
      <Filter>资源文件</Filter>
    </Text>
    <Text Include="8.txt">
      <Filter>资源文件</Filter>
    </Text>
    <Text Include="9.txt">
      <Filter>资源文件</Filter>
    </Text>
    <Text Include="10.txt">
      <Filter>资源文件</Filter>
    </Text>
    <Text Include="11.txt">
      <Filter>资源文件</Filter>
    </Text>
    <Text Include="12.txt">
      <Filter>资源文件</Filter>
    </Text>
    <Text Include="13.txt">
      <Filter>资源文件</Filter>
    </Text>
    <Text Include="14.txt">
      <Filter>资源文件</Filter>
    </Text>
    <Text Include="15.txt">
      <Filter>资源文件</Filter>
    </Text>
    <Text Include="16.txt">
      <Filter>资源文件</Filter>
    </Text>
    <Text Include="17.txt">
      <Filter>资源文件</Filter>
    </Text>
    <Text Include="18.txt">
      <Filter>资源文件</Filter>
    </Text>
    <Text Include="19.txt">
      <Filter>资源文件</Filter>
    </Text>
    <Text Include="20.txt">
      <Filter>资源文件</Filter>
    </Text>
    <Text Include="21.txt">
      <Filter>资源文件</Filter>
    </Text>
    <Text Include="22.txt">
      <Filter>资源文件</Filter>
    </Text>
    <Text Include="23.txt">
      <Filter>资源文件</Filter>
    </Text>
    <Text Include="24.txt">
      <Filter>资源文件</Filter>
    </Text>
    <Text Include="25.txt">
      <Filter>资源文件</Filter>
    </Text>
    <Text Include="26.txt">
      <Filter>资源文件</Filter>
    </Text>
    <Text Include="27.txt">
      <Filter>资源文件</Filter>
    </Text>
    <Text Include="28.txt">
      <Filter>资源文件</Filter>
    </Text>
    <Text Include="29.txt">
      <Filter>资源文件</Filter>
    </Text>
    <Text Include="30.txt">
      <Filter>资源文件</Filter>
    </Text>
    <Text Include="31.txt">
      <Filter>资源文件</Filter>
    </Text>
    <Text Include="32.txt">
      <Filter>资源文件</Filter>
    </Text>
    <Text Include="33.txt">
      <Filter>资源文件</Filter>
    </Text>
    <Text Include="34.txt">
      <Filter>资源文件</Filter>
    </Text>
    <Text Include="35.txt">
      <Filter>资源文件</Filter>
    </Text>
    <Text Include="36.txt">
      <Filter>资源文件</Filter>
    </Text>
    <Text Include="37.txt">
      <Filter>资源文件</Filter>
    </Text>
    <Text Include="38.txt">
      <Filter>资源文件</Filter>
    </Text>
    <Text Include="39.txt">
      <Filter>资源文件</Filter>
    </Text>
    <Text Include="40.txt">
      <Filter>资源文件</Filter>
    </Text>
    <Text Include="41.txt">
      <Filter>资源文件</Filter>
    </Text>
    <Text Include="42.txt">
      <Filter>资源文件</Filter>
    </Text>
    <Text Include="43.txt">
      <Filter>资源文件</Filter>
    </Text>
    <Text Include="44.txt">
      <Filter>资源文件</Filter>
    </Text>
    <Text Include="45.txt">
      <Filter>资源文件</Filter>
    </Text>
    <Text Include="46.txt">
      <Filter>资源文件</Filter>
    </Text>
    <Text Include="47.txt">
      <Filter>资源文件</Filter>
    </Text>
    <Text Include="48.txt">
      <Filter>资源文件</Filter>
    </Text>
    <Text Include="49.txt">
      <Filter>资源文件</Filter>
    </Text>
    <Text Include="50.txt">
      <Filter>资源文件</Filter>
    </Text>
    <Text Include="51.txt">
      <Filter>资源文件</Filter>
    </Text>
    <Text Include="52.txt">
      <Filter>资源文件</Filter>
    </Text>
    <Text Include="53.txt">
      <Filter>资源文件</Filter>
    </Text>
    <Text Include="54.txt">
      <Filter>资源文件</Filter>
    </Text>
    <Text Include="55.txt">
      <Filter>资源文件</Filter>
    </Text>
    <Text Include="56.txt">
      <Filter>资源文件</Filter>
    </Text>
    <Text Include="57.txt">
      <Filter>资源文件</Filter>
    </Text>
    <Text Include="58.txt">
      <Filter>资源文件</Filter>
    </Text>
    <Text Include="59.txt">
      <Filter>资源文件</Filter>
    </Text>
    <Text Include="60.txt">
      <Filter>资源文件</Filter>
    </Text>
    <Text Include="61.txt">
      <Filter>资源文件</Filter>
    </Text>
    <Text Include="62.txt">
      <Filter>资源文件</Filter>
    </Text>
    <Text Include="63.txt">
      <Filter>资源文件</Filter>
    </Text>
    <Text Include="64.txt">
      <Filter>资源文件</Filter>
    </Text>
    <Text Include="65.txt">
      <Filter>资源文件</Filter>
    </Text>
    <Text Include="66.txt">
      <Filter>资源文件</Filter>
    </Text>
    <Text Include="67.txt">
      <Filter>资源文件</Filter>
    </Text>
    <Text Include="68.txt">
      <Filter>资源文件</Filter>
    </Text>
    <Text Include="69.txt">
      <Filter>资源文件</Filter>
    </Text>
    <Text Include="70.txt">
      <Filter>资源文件</Filter>
    </Text>
    <Text Include="71.txt">
      <Filter>资源文件</Filter>
    </Text>
    <Text Include="72.txt">
      <Filter>资源文件</Filter>
    </Text>
    <Text Include="73.txt">
      <Filter>资源文件</Filter>
    </Text>
    <Text Include="74.txt">
      <Filter>资源文件</Filter>
    </Text>
    <Text Include="75.txt">
      <Filter>资源文件</Filter>
    </Text>
    <Text Include="76.txt">
      <Filter>资源文件</Filter>
    </Text>
    <Text Include="77.txt">
      <Filter>资源文件</Filter>
    </Text>
    <Text Include="78.txt">
      <Filter>资源文件</Filter>
    </Text>
    <Text Include="79.txt">
      <Filter>资源文件</Filter>
    </Text>
    <Text Include="80.txt">
      <Filter>资源文件</Filter>
    </Text>
    <Text Include="81.txt">
      <Filter>资源文件</Filter>
    </Text>
    <Text Include="82.txt">
      <Filter>资源文件</Filter>
    </Text>
    <Text Include="83.txt">
      <Filter>资源文件</Filter>
    </Text>
    <Text Include="84.txt">
      <Filter>资源文件</Filter>
    </Text>
    <Text Include="85.txt">
      <Filter>资源文件</Filter>
    </Text>
    <Text Include="86.txt">
      <Filter>资源文件</Filter>
    </Text>
    <Text Include="87.txt">
      <Filter>资源文件</Filter>
    </Text>
    <Text Include="88.txt">
      <Filter>资源文件</Filter>
    </Text>
    <Text Include="89.txt">
      <Filter>资源文件</Filter>
    </Text>
    <Text Include="90.txt">
      <Filter>资源文件</Filter>
    </Text>
    <Text Include="91.txt">
      <Filter>资源文件</Filter>
    </Text>
    <Text Include="92.txt">
      <Filter>资源文件</Filter>
    </Text>
    <Text Include="93.txt">
      <Filter>资源文件</Filter>
    </Text>
    <Text Include="94.txt">
      <Filter>资源文件</Filter>
    </Text>
    <Text Include="95.txt">
      <Filter>资源文件</Filter>
    </Text>
    <Text Include="96.txt">
      <Filter>资源文件</Filter>
    </Text>
    <Text Include="97.txt">
      <Filter>资源文件</Filter>
    </Text>
    <Text Include="98.txt">
      <Filter>资源文件</Filter>
    </Text>
    <Text Include="99.txt">
      <Filter>资源文件</Filter>
    </Text>
    <Text Include="100.txt">
      <Filter>资源文件</Filter>
    </Text>
    <Text Include="101.txt">
      <Filter>资源文件</Filter>
    </Text>
    <Text Include="102.txt">
      <Filter>资源文件</Filter>
    </Text>
    <Text Include="103.txt">
      <Filter>资源文件</Filter>
    </Text>
    <Text Include="104.txt">
      <Filter>资源文件</Filter>
    </Text>
    <Text Include="105.txt">
      <Filter>资源文件</Filter>
    </Text>
    <Text Include="106.txt">
      <Filter>资源文件</Filter>
    </Text>
    <Text Include="107.txt">
      <Filter>资源文件</Filter>
    </Text>
    <Text Include="108.txt">
      <Filter>资源文件</Filter>
    </Text>
    <Text Include="109.txt">
      <Filter>资源文件</Filter>
    </Text>
    <Text Include="110.txt">
      <Filter>资源文件</Filter>
    </Text>
    <Text Include="111.txt">
      <Filter>资源文件</Filter>
    </Text>
    <Text Include="112.txt">
      <Filter>资源文件</Filter>
    </Text>
    <Text Include="113.txt">
      <Filter>资源文件</Filter>
    </Text>
    <Text Include="114.txt">
      <Filter>资源文件</Filter>
    </Text>
    <Text Include="115.txt">
      <Filter>资源文件</Filter>
    </Text>
    <Text Include="116.txt">
      <Filter>资源文件</Filter>
    </Text>
    <Text Include="117.txt">
      <Filter>资源文件</Filter>
    </Text>
    <Text Include="118.txt">
      <Filter>资源文件</Filter>
    </Text>
    <Text Include="119.txt">
      <Filter>资源文件</Filter>
    </Text>
    <Text Include="120.txt">
      <Filter>资源文件</Filter>
    </Text>
    <Text Include="121.txt">
      <Filter>资源文件</Filter>
    </Text>
    <Text Include="122.txt">
      <Filter>资源文件</Filter>
    </Text>
    <Text Include="123.txt">
      <Filter>资源文件</Filter>
    </Text>
    <Text Include="124.txt">
      <Filter>资源文件</Filter>
    </Text>
    <Text Include="125.txt">
      <Filter>资源文件</Filter>
    </Text>
    <Text Include="126.txt">
      <Filter>资源文件</Filter>
    </Text>
    <Text Include="127.txt">
      <Filter>资源文件</Filter>
    </Text>
    <Text Include="128.txt">
      <Filter>资源文件</Filter>
    </Text>
    <Text Include="129.txt">
      <Filter>资源文件</Filter>
    </Text>
    <Text Include="130.txt">
      <Filter>资源文件</Filter>
    </Text>
    <Text Include="131.txt">
      <Filter>资源文件</Filter>
    </Text>
    <Text Include="132.txt">
      <Filter>资源文件</Filter>
    </Text>
    <Text Include="133.txt">
      <Filter>资源文件</Filter>
    </Text>
    <Text Include="134.txt">
      <Filter>资源文件</Filter>
    </Text>
    <Text Include="135.txt">
      <Filter>资源文件</Filter>
    </Text>
    <Text Include="136.txt">
      <Filter>资源文件</Filter>
    </Text>
    <Text Include="137.txt">
      <Filter>资源文件</Filter>
    </Text>
    <Text Include="138.txt">
      <Filter>资源文件</Filter>
    </Text>
    <Text Include="139.txt">
      <Filter>资源文件</Filter>
    </Text>
    <Text Include="140.txt">
      <Filter>资源文件</Filter>
    </Text>
    <Text Include="141.txt">
      <Filter>资源文件</Filter>
    </Text>
    <Text Include="142.txt">
      <Filter>资源文件</Filter>
    </Text>
    <Text Include="143.txt">
      <Filter>资源文件</Filter>
    </Text>
    <Text Include="144.txt">
      <Filter>资源文件</Filter>
    </Text>
    <Text Include="145.txt">
      <Filter>资源文件</Filter>
    </Text>
    <Text Include="146.txt">
      <Filter>资源文件</Filter>
    </Text>
    <Text Include="147.txt">
      <Filter>资源文件</Filter>
    </Text>
    <Text Include="148.txt">
      <Filter>资源文件</Filter>
    </Text>
    <Text Include="149.txt">
      <Filter>资源文件</Filter>
    </Text>
    <Text Include="150.txt">
      <Filter>资源文件</Filter>
    </Text>
    <Text Include="151.txt">
      <Filter>资源文件</Filter>
    </Text>
    <Text Include="152.txt">
      <Filter>资源文件</Filter>
    </Text>
    <Text Include="153.txt">
      <Filter>资源文件</Filter>
    </Text>
    <Text Include="154.txt">
      <Filter>资源文件</Filter>
    </Text>
    <Text Include="155.txt">
      <Filter>资源文件</Filter>
    </Text>
    <Text Include="156.txt">
      <Filter>资源文件</Filter>
    </Text>
    <Text Include="157.txt">
      <Filter>资源文件</Filter>
    </Text>
    <Text Include="158.txt">
      <Filter>资源文件</Filter>
    </Text>
    <Text Include="159.txt">
      <Filter>资源文件</Filter>
    </Text>
    <Text Include="160.txt">
      <Filter>资源文件</Filter>
    </Text>
    <Text Include="161.txt">
      <Filter>资源文件</Filter>
    </Text>
    <Text Include="162.txt">
      <Filter>资源文件</Filter>
    </Text>
    <Text Include="163.txt">
      <Filter>资源文件</Filter>
    </Text>
    <Text Include="164.txt">
      <Filter>资源文件</Filter>
    </Text>
    <Text Include="165.txt">
      <Filter>资源文件</Filter>
    </Text>
    <Text Include="166.txt">
      <Filter>资源文件</Filter>
    </Text>
    <Text Include="167.txt">
      <Filter>资源文件</Filter>
    </Text>
    <Text Include="168.txt">
      <Filter>资源文件</Filter>
    </Text>
    <Text Include="169.txt">
      <Filter>资源文件</Filter>
    </Text>
    <Text Include="170.txt">
      <Filter>资源文件</Filter>
    </Text>
    <Text Include="171.txt">
      <Filter>资源文件</Filter>
    </Text>
    <Text Include="172.txt">
      <Filter>资源文件</Filter>
    </Text>
    <Text Include="173.txt">
      <Filter>资源文件</Filter>
    </Text>
    <Text Include="174.txt">
      <Filter>资源文件</Filter>
    </Text>
    <Text Include="175.txt">
      <Filter>资源文件</Filter>
    </Text>
    <Text Include="176.txt">
      <Filter>资源文件</Filter>
    </Text>
    <Text Include="177.txt">
      <Filter>资源文件</Filter>
    </Text>
    <Text Include="178.txt">
      <Filter>资源文件</Filter>
    </Text>
    <Text Include="179.txt">
      <Filter>资源文件</Filter>
    </Text>
    <Text Include="180.txt">
      <Filter>资源文件</Filter>
    </Text>
    <Text Include="181.txt">
      <Filter>资源文件</Filter>
    </Text>
    <Text Include="182.txt">
      <Filter>资源文件</Filter>
    </Text>
    <Text Include="183.txt">
      <Filter>资源文件</Filter>
    </Text>
    <Text Include="184.txt">
      <Filter>资源文件</Filter>
    </Text>
    <Text Include="185.txt">
      <Filter>资源文件</Filter>
    </Text>
    <Text Include="186.txt">
      <Filter>资源文件</Filter>
    </Text>
    <Text Include="187.txt">
      <Filter>资源文件</Filter>
    </Text>
    <Text Include="188.txt">
      <Filter>资源文件</Filter>
    </Text>
    <Text Include="189.txt">
      <Filter>资源文件</Filter>
    </Text>
    <Text Include="190.txt">
      <Filter>资源文件</Filter>
    </Text>
    <Text Include="191.txt">
      <Filter>资源文件</Filter>
    </Text>
    <Text Include="192.txt">
      <Filter>资源文件</Filter>
    </Text>
    <Text Include="193.txt">
      <Filter>资源文件</Filter>
    </Text>
    <Text Include="194.txt">
      <Filter>资源文件</Filter>
    </Text>
    <Text Include="195.txt">
      <Filter>资源文件</Filter>
    </Text>
    <Text Include="196.txt">
      <Filter>资源文件</Filter>
    </Text>
    <Text Include="197.txt">
      <Filter>资源文件</Filter>
    </Text>
    <Text Include="198.txt">
      <Filter>资源文件</Filter>
    </Text>
    <Text Include="199.txt">
      <Filter>资源文件</Filter>
    </Text>
    <Text Include="200.txt">
      <Filter>资源文件</Filter>
    </Text>
    <Text Include="201.txt">
      <Filter>资源文件</Filter>
    </Text>
    <Text Include="202.txt">
      <Filter>资源文件</Filter>
    </Text>
    <Text Include="203.txt">
      <Filter>资源文件</Filter>
    </Text>
    <Text Include="204.txt">
      <Filter>资源文件</Filter>
    </Text>
    <Text Include="205.txt">
      <Filter>资源文件</Filter>
    </Text>
    <Text Include="206.txt">
      <Filter>资源文件</Filter>
    </Text>
    <Text Include="207.txt">
      <Filter>资源文件</Filter>
    </Text>
    <Text Include="208.txt">
      <Filter>资源文件</Filter>
    </Text>
    <Text Include="209.txt">
      <Filter>资源文件</Filter>
    </Text>
    <Text Include="210.txt">
      <Filter>资源文件</Filter>
    </Text>
    <Text Include="211.txt">
      <Filter>资源文件</Filter>
    </Text>
    <Text Include="212.txt">
      <Filter>资源文件</Filter>
    </Text>
    <Text Include="213.txt">
      <Filter>资源文件</Filter>
    </Text>
    <Text Include="214.txt">
      <Filter>资源文件</Filter>
    </Text>
    <Text Include="215.txt">
      <Filter>资源文件</Filter>
    </Text>
    <Text Include="216.txt">
      <Filter>资源文件</Filter>
    </Text>
    <Text Include="217.txt">
      <Filter>资源文件</Filter>
    </Text>
    <Text Include="218.txt">
      <Filter>资源文件</Filter>
    </Text>
    <Text Include="219.txt">
      <Filter>资源文件</Filter>
    </Text>
    <Text Include="220.txt">
      <Filter>资源文件</Filter>
    </Text>
    <Text Include="221.txt">
      <Filter>资源文件</Filter>
    </Text>
    <Text Include="222.txt">
      <Filter>资源文件</Filter>
    </Text>
    <Text Include="223.txt">
      <Filter>资源文件</Filter>
    </Text>
    <Text Include="224.txt">
      <Filter>资源文件</Filter>
    </Text>
    <Text Include="225.txt">
      <Filter>资源文件</Filter>
    </Text>
    <Text Include="226.txt">
      <Filter>资源文件</Filter>
    </Text>
    <Text Include="227.txt">
      <Filter>资源文件</Filter>
    </Text>
    <Text Include="228.txt">
      <Filter>资源文件</Filter>
    </Text>
    <Text Include="229.txt">
      <Filter>资源文件</Filter>
    </Text>
    <Text Include="230.txt">
      <Filter>资源文件</Filter>
    </Text>
    <Text Include="231.txt">
      <Filter>资源文件</Filter>
    </Text>
    <Text Include="232.txt">
      <Filter>资源文件</Filter>
    </Text>
    <Text Include="233.txt">
      <Filter>资源文件</Filter>
    </Text>
    <Text Include="234.txt">
      <Filter>资源文件</Filter>
    </Text>
    <Text Include="235.txt">
      <Filter>资源文件</Filter>
    </Text>
    <Text Include="236.txt">
      <Filter>资源文件</Filter>
    </Text>
    <Text Include="237.txt">
      <Filter>资源文件</Filter>
    </Text>
    <Text Include="238.txt">
      <Filter>资源文件</Filter>
    </Text>
    <Text Include="239.txt">
      <Filter>资源文件</Filter>
    </Text>
    <Text Include="240.txt">
      <Filter>资源文件</Filter>
    </Text>
    <Text Include="241.txt">
      <Filter>资源文件</Filter>
    </Text>
    <Text Include="242.txt">
      <Filter>资源文件</Filter>
    </Text>
    <Text Include="243.txt">
      <Filter>资源文件</Filter>
    </Text>
    <Text Include="244.txt">
      <Filter>资源文件</Filter>
    </Text>
    <Text Include="245.txt">
      <Filter>资源文件</Filter>
    </Text>
    <Text Include="246.txt">
      <Filter>资源文件</Filter>
    </Text>
    <Text Include="247.txt">
      <Filter>资源文件</Filter>
    </Text>
    <Text Include="248.txt">
      <Filter>资源文件</Filter>
    </Text>
    <Text Include="249.txt">
      <Filter>资源文件</Filter>
    </Text>
    <Text Include="250.txt">
      <Filter>资源文件</Filter>
    </Text>
    <Text Include="251.txt">
      <Filter>资源文件</Filter>
    </Text>
    <Text Include="252.txt">
      <Filter>资源文件</Filter>
    </Text>
    <Text Include="253.txt">
      <Filter>资源文件</Filter>
    </Text>
    <Text Include="254.txt">
      <Filter>资源文件</Filter>
    </Text>
    <Text Include="255.txt">
      <Filter>资源文件</Filter>
    </Text>
    <Text Include="256.txt">
      <Filter>资源文件</Filter>
    </Text>
    <Text Include="257.txt">
      <Filter>资源文件</Filter>
    </Text>
    <Text Include="258.txt">
      <Filter>资源文件</Filter>
    </Text>
    <Text Include="259.txt">
      <Filter>资源文件</Filter>
    </Text>
    <Text Include="id.txt">
      <Filter>资源文件</Filter>
    </Text>
    <Text Include="idError.txt">
      <Filter>资源文件</Filter>
    </Text>
    <Text Include="roadunits.txt">
      <Filter>资源文件</Filter>
    </Text>
  </ItemGroup>
  <ItemGroup>
    <ClInclude Include="map.h">
      <Filter>头文件</Filter>
    </ClInclude>
    <ClInclude Include="vehicle.h">
      <Filter>头文件</Filter>
    </ClInclude>
    <ClInclude Include="rand.h">
      <Filter>头文件</Filter>
    </ClInclude>
    <ClInclude Include="unit.h">
      <Filter>头文件</Filter>
    </ClInclude>
    <ClInclude Include="settting.h">
      <Filter>头文件</Filter>
    </ClInclude>
    <ClInclude Include="stable.h">
      <Filter>头文件</Filter>
    </ClInclude>
    <ClInclude Include="stdafx.h">
      <Filter>头文件</Filter>
    </ClInclude>
    <ClInclude Include="real_map.h">
      <Filter>头文件</Filter>
    </ClInclude>
    <ClInclude Include="hungary.h">
      <Filter>头文件</Filter>
    </ClInclude>
  </ItemGroup>
  <ItemGroup>
    <ClCompile Include="map.cpp">
      <Filter>源文件</Filter>
    </ClCompile>
    <ClCompile Include="main.cpp">
      <Filter>源文件</Filter>
    </ClCompile>
    <ClCompile Include="vehicle.cpp">
      <Filter>源文件</Filter>
    </ClCompile>
    <ClCompile Include="rand.cpp">
      <Filter>源文件</Filter>
    </ClCompile>
    <ClCompile Include="stable.cpp">
      <Filter>源文件</Filter>
    </ClCompile>
    <ClCompile Include="stdafx.cpp">
      <Filter>源文件</Filter>
    </ClCompile>
    <ClCompile Include="real_map.cpp">
      <Filter>源文件</Filter>
    </ClCompile>
    <ClCompile Include="hungary.cpp">
      <Filter>源文件</Filter>
    </ClCompile>
    <ClCompile Include="unit.cpp">
      <Filter>源文件</Filter>
    </ClCompile>
  </ItemGroup>
</Project>